
Microsoft Visual Studio Solution File, Format Version 12.00
# Visual Studio Version 17
VisualStudioVersion = 17.9.34723.18
MinimumVisualStudioVersion = 10.0.40219.1
Project("{9A19103F-16F7-4668-BE54-9A1E7A4F7556}") = "MovieAPI", "MovieAPI\MovieAPI.csproj", "{A33FC81C-0B05-4636-86E8-813DC0E81C77}"
EndProject
Project("{9A19103F-16F7-4668-BE54-9A1E7A4F7556}") = "MovieServices", "MovieServices\MovieServices.csproj", "{13048200-2D5A-42D8-BCDE-6B1020F98C58}"
EndProject
Project("{9A19103F-16F7-4668-BE54-9A1E7A4F7556}") = "MovieModels", "MovieModels\MovieModels.csproj", "{EE586259-4DB0-45D7-959A-F9DF3BEC774D}"
EndProject
Project("{9A19103F-16F7-4668-BE54-9A1E7A4F7556}") = "MovieEntityFramework", "MovieEntityFramework\MovieEntityFramework.csproj", "{04E6A13D-F278-4A41-BEAA-B955C9F6F249}"
EndProject
Project("{FAE04EC0-301F-11D3-BF4B-00C04F79EFBC}") = "MovieTests", "MovieTests\MovieTests.csproj", "{BE232839-62D9-4D4B-8F38-52C85C4E2D8C}"
EndProject
Global
	GlobalSection(SolutionConfigurationPlatforms) = preSolution
		Debug|Any CPU = Debug|Any CPU
		Release|Any CPU = Release|Any CPU
	EndGlobalSection
	GlobalSection(ProjectConfigurationPlatforms) = postSolution
		{A33FC81C-0B05-4636-86E8-813DC0E81C77}.Debug|Any CPU.ActiveCfg = Debug|Any CPU
		{A33FC81C-0B05-4636-86E8-813DC0E81C77}.Debug|Any CPU.Build.0 = Debug|Any CPU
		{A33FC81C-0B05-4636-86E8-813DC0E81C77}.Release|Any CPU.ActiveCfg = Release|Any CPU
		{A33FC81C-0B05-4636-86E8-813DC0E81C77}.Release|Any CPU.Build.0 = Release|Any CPU
		{13048200-2D5A-42D8-BCDE-6B1020F98C58}.Debug|Any CPU.ActiveCfg = Debug|Any CPU
		{13048200-2D5A-42D8-BCDE-6B1020F98C58}.Debug|Any CPU.Build.0 = Debug|Any CPU
		{13048200-2D5A-42D8-BCDE-6B1020F98C58}.Release|Any CPU.ActiveCfg = Release|Any CPU
		{13048200-2D5A-42D8-BCDE-6B1020F98C58}.Release|Any CPU.Build.0 = Release|Any CPU
		{EE586259-4DB0-45D7-959A-F9DF3BEC774D}.Debug|Any CPU.ActiveCfg = Debug|Any CPU
		{EE586259-4DB0-45D7-959A-F9DF3BEC774D}.Debug|Any CPU.Build.0 = Debug|Any CPU
		{EE586259-4DB0-45D7-959A-F9DF3BEC774D}.Release|Any CPU.ActiveCfg = Release|Any CPU
		{EE586259-4DB0-45D7-959A-F9DF3BEC774D}.Release|Any CPU.Build.0 = Release|Any CPU
		{04E6A13D-F278-4A41-BEAA-B955C9F6F249}.Debug|Any CPU.ActiveCfg = Debug|Any CPU
		{04E6A13D-F278-4A41-BEAA-B955C9F6F249}.Debug|Any CPU.Build.0 = Debug|Any CPU
		{04E6A13D-F278-4A41-BEAA-B955C9F6F249}.Release|Any CPU.ActiveCfg = Release|Any CPU
		{04E6A13D-F278-4A41-BEAA-B955C9F6F249}.Release|Any CPU.Build.0 = Release|Any CPU
		{BE232839-62D9-4D4B-8F38-52C85C4E2D8C}.Debug|Any CPU.ActiveCfg = Debug|Any CPU
		{BE232839-62D9-4D4B-8F38-52C85C4E2D8C}.Debug|Any CPU.Build.0 = Debug|Any CPU
		{BE232839-62D9-4D4B-8F38-52C85C4E2D8C}.Release|Any CPU.ActiveCfg = Release|Any CPU
		{BE232839-62D9-4D4B-8F38-52C85C4E2D8C}.Release|Any CPU.Build.0 = Release|Any CPU
	EndGlobalSection
	GlobalSection(SolutionProperties) = preSolution
		HideSolutionNode = FALSE
	EndGlobalSection
	GlobalSection(ExtensibilityGlobals) = postSolution
		SolutionGuid = {7296A19C-281C-4405-84CC-D2A875286AFC}
	EndGlobalSection
EndGlobal
